
Microsoft Visual Studio Solution File, Format Version 12.00
# Visual Studio Version 16
VisualStudioVersion = 16.0.30717.126
MinimumVisualStudioVersion = 10.0.40219.1
Project("{FAE04EC0-301F-11D3-BF4B-00C04F79EFBC}") = "Lesson2-3", "Lesson2-3\Lesson2-3.csproj", "{091E1044-B346-466D-82A5-D72ED76045BA}"
EndProject
Global
	GlobalSection(SolutionConfigurationPlatforms) = preSolution
		Debug|Any CPU = Debug|Any CPU
		Release|Any CPU = Release|Any CPU
	EndGlobalSection
	GlobalSection(ProjectConfigurationPlatforms) = postSolution
		{091E1044-B346-466D-82A5-D72ED76045BA}.Debug|Any CPU.ActiveCfg = Debug|Any CPU
		{091E1044-B346-466D-82A5-D72ED76045BA}.Debug|Any CPU.Build.0 = Debug|Any CPU
		{091E1044-B346-466D-82A5-D72ED76045BA}.Release|Any CPU.ActiveCfg = Release|Any CPU
		{091E1044-B346-466D-82A5-D72ED76045BA}.Release|Any CPU.Build.0 = Release|Any CPU
	EndGlobalSection
	GlobalSection(SolutionProperties) = preSolution
		HideSolutionNode = FALSE
	EndGlobalSection
	GlobalSection(ExtensibilityGlobals) = postSolution
		SolutionGuid = {9A7DB19D-84E6-491D-98A3-EC2493986D68}
	EndGlobalSection
EndGlobal
